{
  "nodes": {
    "nixpkgs": {
      "locked": {
        "lastModified": 1709961763,
        "narHash": "sha256-6H95HGJHhEZtyYA3rIQpvamMKAGoa8Yh2rFV29QnuGw=",
        "owner": "NixOS",
        "repo": "nixpkgs",
        "rev": "3030f185ba6a4bf4f18b87f345f104e6a6961f34",
        "type": "github"
      },
      "original": {
        "id": "nixpkgs",
        "ref": "nixos-unstable",
        "type": "indirect"
      }
    },
    "ondsel-appimage-aarch64-linux": {
      "flake": false,
      "locked": {
        "narHash": "sha256-+5t+JbblTb8psKjLB/urN34ZsLnOSLuTGVzAiOmmWJg=",
        "type": "file",
        "url": "https://github.com/Ondsel-Development/FreeCAD/releases/download/2024.1.0/Ondsel_ES_2024.1.0.35694-Linux-aarch64.AppImage"
      },
      "original": {
        "type": "file",
        "url": "https://github.com/Ondsel-Development/FreeCAD/releases/download/2024.1.0/Ondsel_ES_2024.1.0.35694-Linux-aarch64.AppImage"
      }
    },
    "ondsel-appimage-x86_64-linux": {
      "flake": false,
      "locked": {
        "narHash": "sha256-VB/JmEdDhyOZNqPTWN7DyGXyxYO8BQYbo5nj+rHWByY=",
        "type": "file",
        "url": "https://github.com/Ondsel-Development/FreeCAD/releases/download/2024.1.0/Ondsel_ES_2024.1.0.35694-Linux-x86_64.AppImage"
      },
      "original": {
        "type": "file",
        "url": "https://github.com/Ondsel-Development/FreeCAD/releases/download/2024.1.0/Ondsel_ES_2024.1.0.35694-Linux-x86_64.AppImage"
      }
    },
    "ondsel-feedstock": {
      "flake": false,
      "locked": {
        "lastModified": 1709583214,
        "narHash": "sha256-H5LbcK5iXS+QFhMayvCDSfXk2ulc6BJXWVwv97nPH9o=",
        "owner": "Ondsel-Development",
        "repo": "freecad-feedstock",
        "rev": "386fab80c8aaa3bb1b9454aee8695c959d642bac",
        "type": "github"
      },
      "original": {
        "owner": "Ondsel-Development",
        "repo": "freecad-feedstock",
        "type": "github"
      }
    },
    "root": {
      "inputs": {
        "nixpkgs": "nixpkgs",
        "ondsel-appimage-aarch64-linux": "ondsel-appimage-aarch64-linux",
        "ondsel-appimage-x86_64-linux": "ondsel-appimage-x86_64-linux",
        "ondsel-feedstock": "ondsel-feedstock"
      }
    }
  },
  "root": "root",
  "version": 7
}
